
Microsoft Visual Studio Solution File, Format Version 12.00
# Visual Studio Version 17
VisualStudioVersion = 17.9.34701.34
MinimumVisualStudioVersion = 10.0.40219.1
Project("{FAE04EC0-301F-11D3-BF4B-00C04F79EFBC}") = "HomeTaskReflection", "HomeTaskReflection\HomeTaskReflection.csproj", "{4722942B-3AA0-4F84-A3F0-0D56F5FA5EAF}"
EndProject
Global
	GlobalSection(SolutionConfigurationPlatforms) = preSolution
		Debug|Any CPU = Debug|Any CPU
		Release|Any CPU = Release|Any CPU
	EndGlobalSection
	GlobalSection(ProjectConfigurationPlatforms) = postSolution
		{4722942B-3AA0-4F84-A3F0-0D56F5FA5EAF}.Debug|Any CPU.ActiveCfg = Debug|Any CPU
		{4722942B-3AA0-4F84-A3F0-0D56F5FA5EAF}.Debug|Any CPU.Build.0 = Debug|Any CPU
		{4722942B-3AA0-4F84-A3F0-0D56F5FA5EAF}.Release|Any CPU.ActiveCfg = Release|Any CPU
		{4722942B-3AA0-4F84-A3F0-0D56F5FA5EAF}.Release|Any CPU.Build.0 = Release|Any CPU
	EndGlobalSection
	GlobalSection(SolutionProperties) = preSolution
		HideSolutionNode = FALSE
	EndGlobalSection
	GlobalSection(ExtensibilityGlobals) = postSolution
		SolutionGuid = {A7FE93E2-54A1-4230-B16F-3CF0172208FC}
	EndGlobalSection
EndGlobal
